
Microsoft Visual Studio Solution File, Format Version 12.00
# Visual Studio Version 17
VisualStudioVersion = 17.10.35013.160
MinimumVisualStudioVersion = 10.0.40219.1
Project("{FAE04EC0-301F-11D3-BF4B-00C04F79EFBC}") = "Net8and9XsdStringSubTypesTestXPathNavigatorTypedValue", "Net8and9XsdStringSubTypesTestXPathNavigatorTypedValue.csproj", "{F8885A0E-3609-468C-9AC9-D57FC5038AB5}"
EndProject
Global
	GlobalSection(SolutionConfigurationPlatforms) = preSolution
		Debug|Any CPU = Debug|Any CPU
		Release|Any CPU = Release|Any CPU
	EndGlobalSection
	GlobalSection(ProjectConfigurationPlatforms) = postSolution
		{F8885A0E-3609-468C-9AC9-D57FC5038AB5}.Debug|Any CPU.ActiveCfg = Debug|Any CPU
		{F8885A0E-3609-468C-9AC9-D57FC5038AB5}.Debug|Any CPU.Build.0 = Debug|Any CPU
		{F8885A0E-3609-468C-9AC9-D57FC5038AB5}.Release|Any CPU.ActiveCfg = Release|Any CPU
		{F8885A0E-3609-468C-9AC9-D57FC5038AB5}.Release|Any CPU.Build.0 = Release|Any CPU
	EndGlobalSection
	GlobalSection(SolutionProperties) = preSolution
		HideSolutionNode = FALSE
	EndGlobalSection
	GlobalSection(ExtensibilityGlobals) = postSolution
		SolutionGuid = {FDF51331-6B1E-4768-B8D3-CB9912546709}
	EndGlobalSection
EndGlobal
